
Microsoft Visual Studio Solution File, Format Version 12.00
# Visual Studio Version 17
VisualStudioVersion = 17.11.34929.205
MinimumVisualStudioVersion = 10.0.40219.1
Project("{FAE04EC0-301F-11D3-BF4B-00C04F79EFBC}") = "CodeWF.EventBus", "CodeWF.EventBus.csproj", "{19C6C53A-D5AD-4400-A80A-CF8BEE422982}"
EndProject
Global
	GlobalSection(SolutionConfigurationPlatforms) = preSolution
		Debug|Any CPU = Debug|Any CPU
		Release|Any CPU = Release|Any CPU
	EndGlobalSection
	GlobalSection(ProjectConfigurationPlatforms) = postSolution
		{19C6C53A-D5AD-4400-A80A-CF8BEE422982}.Debug|Any CPU.ActiveCfg = Debug|Any CPU
		{19C6C53A-D5AD-4400-A80A-CF8BEE422982}.Debug|Any CPU.Build.0 = Debug|Any CPU
		{19C6C53A-D5AD-4400-A80A-CF8BEE422982}.Release|Any CPU.ActiveCfg = Release|Any CPU
		{19C6C53A-D5AD-4400-A80A-CF8BEE422982}.Release|Any CPU.Build.0 = Release|Any CPU
	EndGlobalSection
	GlobalSection(SolutionProperties) = preSolution
		HideSolutionNode = FALSE
	EndGlobalSection
	GlobalSection(ExtensibilityGlobals) = postSolution
		SolutionGuid = {7685ED0A-581B-42BC-9613-64AD00D124D6}
	EndGlobalSection
EndGlobal
