
Microsoft Visual Studio Solution File, Format Version 12.00
# Visual Studio Version 17
VisualStudioVersion = 17.11.34929.205
MinimumVisualStudioVersion = 10.0.40219.1
Project("{9A19103F-16F7-4668-BE54-9A1E7A4F7556}") = "CodeWF.EventBus", "CodeWF.EventBus\CodeWF.EventBus.csproj", "{19C6C53A-D5AD-4400-A80A-CF8BEE422982}"
EndProject
Project("{2150E333-8FDC-42A3-9474-1A3956D46DE8}") = "demo", "demo", "{53654337-FF17-4F13-A081-69801A2AE290}"
EndProject
Project("{9A19103F-16F7-4668-BE54-9A1E7A4F7556}") = "ConsoleDemo", "ConsoleDemo\ConsoleDemo.csproj", "{25E49426-E12F-4664-B392-DFC001796A4F}"
EndProject
Project("{9A19103F-16F7-4668-BE54-9A1E7A4F7556}") = "WebAPIDemo", "WebAPIDemo\WebAPIDemo.csproj", "{4BF9D6F9-2896-4006-B603-BC098FBEA3B8}"
EndProject
Project("{2150E333-8FDC-42A3-9474-1A3956D46DE8}") = "src", "src", "{A7FA457D-7E77-4B21-958F-F45A51EF8163}"
EndProject
Project("{9A19103F-16F7-4668-BE54-9A1E7A4F7556}") = "WPFDemo", "WPFDemo\WPFDemo.csproj", "{4D1C3A2B-3C9B-49E2-8085-11B3163FF0EC}"
EndProject
Project("{FAE04EC0-301F-11D3-BF4B-00C04F79EFBC}") = "Messages", "Messages\Messages.csproj", "{3F1735D2-6A32-4210-9C8F-8DBA9AC3EA29}"
EndProject
Global
	GlobalSection(SolutionConfigurationPlatforms) = preSolution
		Debug|Any CPU = Debug|Any CPU
		Release|Any CPU = Release|Any CPU
	EndGlobalSection
	GlobalSection(ProjectConfigurationPlatforms) = postSolution
		{19C6C53A-D5AD-4400-A80A-CF8BEE422982}.Debug|Any CPU.ActiveCfg = Debug|Any CPU
		{19C6C53A-D5AD-4400-A80A-CF8BEE422982}.Debug|Any CPU.Build.0 = Debug|Any CPU
		{19C6C53A-D5AD-4400-A80A-CF8BEE422982}.Release|Any CPU.ActiveCfg = Release|Any CPU
		{19C6C53A-D5AD-4400-A80A-CF8BEE422982}.Release|Any CPU.Build.0 = Release|Any CPU
		{25E49426-E12F-4664-B392-DFC001796A4F}.Debug|Any CPU.ActiveCfg = Debug|Any CPU
		{25E49426-E12F-4664-B392-DFC001796A4F}.Debug|Any CPU.Build.0 = Debug|Any CPU
		{25E49426-E12F-4664-B392-DFC001796A4F}.Release|Any CPU.ActiveCfg = Release|Any CPU
		{25E49426-E12F-4664-B392-DFC001796A4F}.Release|Any CPU.Build.0 = Release|Any CPU
		{4BF9D6F9-2896-4006-B603-BC098FBEA3B8}.Debug|Any CPU.ActiveCfg = Debug|Any CPU
		{4BF9D6F9-2896-4006-B603-BC098FBEA3B8}.Debug|Any CPU.Build.0 = Debug|Any CPU
		{4BF9D6F9-2896-4006-B603-BC098FBEA3B8}.Release|Any CPU.ActiveCfg = Release|Any CPU
		{4BF9D6F9-2896-4006-B603-BC098FBEA3B8}.Release|Any CPU.Build.0 = Release|Any CPU
		{4D1C3A2B-3C9B-49E2-8085-11B3163FF0EC}.Debug|Any CPU.ActiveCfg = Debug|Any CPU
		{4D1C3A2B-3C9B-49E2-8085-11B3163FF0EC}.Debug|Any CPU.Build.0 = Debug|Any CPU
		{4D1C3A2B-3C9B-49E2-8085-11B3163FF0EC}.Release|Any CPU.ActiveCfg = Release|Any CPU
		{4D1C3A2B-3C9B-49E2-8085-11B3163FF0EC}.Release|Any CPU.Build.0 = Release|Any CPU
		{3F1735D2-6A32-4210-9C8F-8DBA9AC3EA29}.Debug|Any CPU.ActiveCfg = Debug|Any CPU
		{3F1735D2-6A32-4210-9C8F-8DBA9AC3EA29}.Debug|Any CPU.Build.0 = Debug|Any CPU
		{3F1735D2-6A32-4210-9C8F-8DBA9AC3EA29}.Release|Any CPU.ActiveCfg = Release|Any CPU
		{3F1735D2-6A32-4210-9C8F-8DBA9AC3EA29}.Release|Any CPU.Build.0 = Release|Any CPU
	EndGlobalSection
	GlobalSection(SolutionProperties) = preSolution
		HideSolutionNode = FALSE
	EndGlobalSection
	GlobalSection(NestedProjects) = preSolution
		{19C6C53A-D5AD-4400-A80A-CF8BEE422982} = {A7FA457D-7E77-4B21-958F-F45A51EF8163}
		{25E49426-E12F-4664-B392-DFC001796A4F} = {53654337-FF17-4F13-A081-69801A2AE290}
		{4BF9D6F9-2896-4006-B603-BC098FBEA3B8} = {53654337-FF17-4F13-A081-69801A2AE290}
		{4D1C3A2B-3C9B-49E2-8085-11B3163FF0EC} = {53654337-FF17-4F13-A081-69801A2AE290}
		{3F1735D2-6A32-4210-9C8F-8DBA9AC3EA29} = {53654337-FF17-4F13-A081-69801A2AE290}
	EndGlobalSection
	GlobalSection(ExtensibilityGlobals) = postSolution
		SolutionGuid = {7685ED0A-581B-42BC-9613-64AD00D124D6}
	EndGlobalSection
EndGlobal
